
Microsoft Visual Studio Solution File, Format Version 12.00
# Visual Studio Version 16
VisualStudioVersion = 16.0.33801.447
MinimumVisualStudioVersion = 10.0.40219.1
Project("{FAE04EC0-301F-11D3-BF4B-00C04F79EFBC}") = "HW_01_BmiCalc", "HW_01_BmiCalc.csproj", "{20DEADD6-B87F-48F9-BC32-274209BF9A03}"
EndProject
Project("{FAE04EC0-301F-11D3-BF4B-00C04F79EFBC}") = "Exercising", "..\Exercising\Exercising.csproj", "{CD60F9EC-D5B5-4C4C-918F-12E677B598BF}"
EndProject
Project("{FAE04EC0-301F-11D3-BF4B-00C04F79EFBC}") = "TP_BmiCalc_Prototype", "..\TP_BmiCalc_Prototype\TP_BmiCalc_Prototype.csproj", "{F6E91E8F-D87A-482C-9205-76316C1BE8D4}"
EndProject
Project("{FAE04EC0-301F-11D3-BF4B-00C04F79EFBC}") = "HW_02_UpDownGame", "..\HW_02_UpDownGame\HW_02_UpDownGame.csproj", "{B967FBFB-F4D4-45B8-A265-CE9ADDD7A711}"
EndProject
Global
	GlobalSection(SolutionConfigurationPlatforms) = preSolution
		Debug|Any CPU = Debug|Any CPU
		Release|Any CPU = Release|Any CPU
	EndGlobalSection
	GlobalSection(ProjectConfigurationPlatforms) = postSolution
		{20DEADD6-B87F-48F9-BC32-274209BF9A03}.Debug|Any CPU.ActiveCfg = Debug|Any CPU
		{20DEADD6-B87F-48F9-BC32-274209BF9A03}.Debug|Any CPU.Build.0 = Debug|Any CPU
		{20DEADD6-B87F-48F9-BC32-274209BF9A03}.Release|Any CPU.ActiveCfg = Release|Any CPU
		{20DEADD6-B87F-48F9-BC32-274209BF9A03}.Release|Any CPU.Build.0 = Release|Any CPU
		{CD60F9EC-D5B5-4C4C-918F-12E677B598BF}.Debug|Any CPU.ActiveCfg = Debug|Any CPU
		{CD60F9EC-D5B5-4C4C-918F-12E677B598BF}.Debug|Any CPU.Build.0 = Debug|Any CPU
		{CD60F9EC-D5B5-4C4C-918F-12E677B598BF}.Release|Any CPU.ActiveCfg = Release|Any CPU
		{CD60F9EC-D5B5-4C4C-918F-12E677B598BF}.Release|Any CPU.Build.0 = Release|Any CPU
		{F6E91E8F-D87A-482C-9205-76316C1BE8D4}.Debug|Any CPU.ActiveCfg = Debug|Any CPU
		{F6E91E8F-D87A-482C-9205-76316C1BE8D4}.Debug|Any CPU.Build.0 = Debug|Any CPU
		{F6E91E8F-D87A-482C-9205-76316C1BE8D4}.Release|Any CPU.ActiveCfg = Release|Any CPU
		{F6E91E8F-D87A-482C-9205-76316C1BE8D4}.Release|Any CPU.Build.0 = Release|Any CPU
		{B967FBFB-F4D4-45B8-A265-CE9ADDD7A711}.Debug|Any CPU.ActiveCfg = Debug|Any CPU
		{B967FBFB-F4D4-45B8-A265-CE9ADDD7A711}.Debug|Any CPU.Build.0 = Debug|Any CPU
		{B967FBFB-F4D4-45B8-A265-CE9ADDD7A711}.Release|Any CPU.ActiveCfg = Release|Any CPU
		{B967FBFB-F4D4-45B8-A265-CE9ADDD7A711}.Release|Any CPU.Build.0 = Release|Any CPU
	EndGlobalSection
	GlobalSection(SolutionProperties) = preSolution
		HideSolutionNode = FALSE
	EndGlobalSection
	GlobalSection(ExtensibilityGlobals) = postSolution
		SolutionGuid = {CD254121-92F9-49A2-AAC2-C7E0C1E7B5CF}
	EndGlobalSection
EndGlobal
