
Microsoft Visual Studio Solution File, Format Version 12.00
# Visual Studio Version 16
VisualStudioVersion = 16.0.33801.447
MinimumVisualStudioVersion = 10.0.40219.1
Project("{FAE04EC0-301F-11D3-BF4B-00C04F79EFBC}") = "Day02", "Day02\Day02\Day02.csproj", "{6581934F-F413-4E0A-BEA2-C8A43EFA7CF9}"
EndProject
Project("{FAE04EC0-301F-11D3-BF4B-00C04F79EFBC}") = "MyClassLibrary", "Day02\MyClassLibrary\MyClassLibrary.csproj", "{B1F85BB5-0867-476E-91D0-DA34EF212C27}"
EndProject
Project("{FAE04EC0-301F-11D3-BF4B-00C04F79EFBC}") = "Hello", "Day01\Hello\Hello.csproj", "{E3006F84-56F9-4C7C-82CC-6495E49B24BD}"
EndProject
Project("{FAE04EC0-301F-11D3-BF4B-00C04F79EFBC}") = "Day03", "Day03\Day03.csproj", "{01E6C84C-8B97-46B9-8CE9-858F8D15A8F4}"
EndProject
Project("{FAE04EC0-301F-11D3-BF4B-00C04F79EFBC}") = "Day04", "Day04\Day04.csproj", "{2D5A8DD0-A85C-4E19-A2D1-B3ECAFADF8DA}"
EndProject
Project("{FAE04EC0-301F-11D3-BF4B-00C04F79EFBC}") = "Day05", "Day05\Day05\Day05.csproj", "{EB6E8A99-DA77-4B4C-9FAE-9B444FC39DAB}"
EndProject
Project("{FAE04EC0-301F-11D3-BF4B-00C04F79EFBC}") = "ClassLibrary1", "Day05\ClassLibrary1\ClassLibrary1.csproj", "{166DDF83-F246-4CEE-8DF7-EB25B98DEEAF}"
EndProject
Project("{FAE04EC0-301F-11D3-BF4B-00C04F79EFBC}") = "Day06", "Day06\Day06\Day06.csproj", "{4F4E8001-7ACD-4140-B551-ABD75C11001E}"
EndProject
Project("{FAE04EC0-301F-11D3-BF4B-00C04F79EFBC}") = "PhoneBook", "Day06\PhoneBook\PhoneBook.csproj", "{DD86C75A-46F4-4827-80F8-4BDAE720B173}"
EndProject
Project("{FAE04EC0-301F-11D3-BF4B-00C04F79EFBC}") = "Day07", "Day07\Day07\Day07.csproj", "{50605828-D35D-401F-B2C2-4B923EEA50E5}"
EndProject
Project("{FAE04EC0-301F-11D3-BF4B-00C04F79EFBC}") = "Day08", "Day08\Day08\Day08.csproj", "{F5492D86-2DD8-4672-B858-8CA30F167454}"
EndProject
Project("{FAE04EC0-301F-11D3-BF4B-00C04F79EFBC}") = "WindowsFormsApp1", "Day08\WindowsFormsApp1\WindowsFormsApp1.csproj", "{77070455-7CE5-4874-B2A4-B2A51B44BB9B}"
EndProject
Global
	GlobalSection(SolutionConfigurationPlatforms) = preSolution
		Debug|Any CPU = Debug|Any CPU
		Debug|x64 = Debug|x64
		Debug|x86 = Debug|x86
		Release|Any CPU = Release|Any CPU
		Release|x64 = Release|x64
		Release|x86 = Release|x86
	EndGlobalSection
	GlobalSection(ProjectConfigurationPlatforms) = postSolution
		{6581934F-F413-4E0A-BEA2-C8A43EFA7CF9}.Debug|Any CPU.ActiveCfg = Debug|Any CPU
		{6581934F-F413-4E0A-BEA2-C8A43EFA7CF9}.Debug|Any CPU.Build.0 = Debug|Any CPU
		{6581934F-F413-4E0A-BEA2-C8A43EFA7CF9}.Debug|x64.ActiveCfg = Debug|Any CPU
		{6581934F-F413-4E0A-BEA2-C8A43EFA7CF9}.Debug|x64.Build.0 = Debug|Any CPU
		{6581934F-F413-4E0A-BEA2-C8A43EFA7CF9}.Debug|x86.ActiveCfg = Debug|Any CPU
		{6581934F-F413-4E0A-BEA2-C8A43EFA7CF9}.Debug|x86.Build.0 = Debug|Any CPU
		{6581934F-F413-4E0A-BEA2-C8A43EFA7CF9}.Release|Any CPU.ActiveCfg = Release|Any CPU
		{6581934F-F413-4E0A-BEA2-C8A43EFA7CF9}.Release|Any CPU.Build.0 = Release|Any CPU
		{6581934F-F413-4E0A-BEA2-C8A43EFA7CF9}.Release|x64.ActiveCfg = Release|Any CPU
		{6581934F-F413-4E0A-BEA2-C8A43EFA7CF9}.Release|x64.Build.0 = Release|Any CPU
		{6581934F-F413-4E0A-BEA2-C8A43EFA7CF9}.Release|x86.ActiveCfg = Release|Any CPU
		{6581934F-F413-4E0A-BEA2-C8A43EFA7CF9}.Release|x86.Build.0 = Release|Any CPU
		{B1F85BB5-0867-476E-91D0-DA34EF212C27}.Debug|Any CPU.ActiveCfg = Debug|Any CPU
		{B1F85BB5-0867-476E-91D0-DA34EF212C27}.Debug|Any CPU.Build.0 = Debug|Any CPU
		{B1F85BB5-0867-476E-91D0-DA34EF212C27}.Debug|x64.ActiveCfg = Debug|Any CPU
		{B1F85BB5-0867-476E-91D0-DA34EF212C27}.Debug|x64.Build.0 = Debug|Any CPU
		{B1F85BB5-0867-476E-91D0-DA34EF212C27}.Debug|x86.ActiveCfg = Debug|Any CPU
		{B1F85BB5-0867-476E-91D0-DA34EF212C27}.Debug|x86.Build.0 = Debug|Any CPU
		{B1F85BB5-0867-476E-91D0-DA34EF212C27}.Release|Any CPU.ActiveCfg = Release|Any CPU
		{B1F85BB5-0867-476E-91D0-DA34EF212C27}.Release|Any CPU.Build.0 = Release|Any CPU
		{B1F85BB5-0867-476E-91D0-DA34EF212C27}.Release|x64.ActiveCfg = Release|Any CPU
		{B1F85BB5-0867-476E-91D0-DA34EF212C27}.Release|x64.Build.0 = Release|Any CPU
		{B1F85BB5-0867-476E-91D0-DA34EF212C27}.Release|x86.ActiveCfg = Release|Any CPU
		{B1F85BB5-0867-476E-91D0-DA34EF212C27}.Release|x86.Build.0 = Release|Any CPU
		{E3006F84-56F9-4C7C-82CC-6495E49B24BD}.Debug|Any CPU.ActiveCfg = Debug|Any CPU
		{E3006F84-56F9-4C7C-82CC-6495E49B24BD}.Debug|Any CPU.Build.0 = Debug|Any CPU
		{E3006F84-56F9-4C7C-82CC-6495E49B24BD}.Debug|x64.ActiveCfg = Debug|Any CPU
		{E3006F84-56F9-4C7C-82CC-6495E49B24BD}.Debug|x64.Build.0 = Debug|Any CPU
		{E3006F84-56F9-4C7C-82CC-6495E49B24BD}.Debug|x86.ActiveCfg = Debug|Any CPU
		{E3006F84-56F9-4C7C-82CC-6495E49B24BD}.Debug|x86.Build.0 = Debug|Any CPU
		{E3006F84-56F9-4C7C-82CC-6495E49B24BD}.Release|Any CPU.ActiveCfg = Release|Any CPU
		{E3006F84-56F9-4C7C-82CC-6495E49B24BD}.Release|Any CPU.Build.0 = Release|Any CPU
		{E3006F84-56F9-4C7C-82CC-6495E49B24BD}.Release|x64.ActiveCfg = Release|Any CPU
		{E3006F84-56F9-4C7C-82CC-6495E49B24BD}.Release|x64.Build.0 = Release|Any CPU
		{E3006F84-56F9-4C7C-82CC-6495E49B24BD}.Release|x86.ActiveCfg = Release|Any CPU
		{E3006F84-56F9-4C7C-82CC-6495E49B24BD}.Release|x86.Build.0 = Release|Any CPU
		{01E6C84C-8B97-46B9-8CE9-858F8D15A8F4}.Debug|Any CPU.ActiveCfg = Debug|Any CPU
		{01E6C84C-8B97-46B9-8CE9-858F8D15A8F4}.Debug|Any CPU.Build.0 = Debug|Any CPU
		{01E6C84C-8B97-46B9-8CE9-858F8D15A8F4}.Debug|x64.ActiveCfg = Debug|Any CPU
		{01E6C84C-8B97-46B9-8CE9-858F8D15A8F4}.Debug|x64.Build.0 = Debug|Any CPU
		{01E6C84C-8B97-46B9-8CE9-858F8D15A8F4}.Debug|x86.ActiveCfg = Debug|Any CPU
		{01E6C84C-8B97-46B9-8CE9-858F8D15A8F4}.Debug|x86.Build.0 = Debug|Any CPU
		{01E6C84C-8B97-46B9-8CE9-858F8D15A8F4}.Release|Any CPU.ActiveCfg = Release|Any CPU
		{01E6C84C-8B97-46B9-8CE9-858F8D15A8F4}.Release|Any CPU.Build.0 = Release|Any CPU
		{01E6C84C-8B97-46B9-8CE9-858F8D15A8F4}.Release|x64.ActiveCfg = Release|Any CPU
		{01E6C84C-8B97-46B9-8CE9-858F8D15A8F4}.Release|x64.Build.0 = Release|Any CPU
		{01E6C84C-8B97-46B9-8CE9-858F8D15A8F4}.Release|x86.ActiveCfg = Release|Any CPU
		{01E6C84C-8B97-46B9-8CE9-858F8D15A8F4}.Release|x86.Build.0 = Release|Any CPU
		{2D5A8DD0-A85C-4E19-A2D1-B3ECAFADF8DA}.Debug|Any CPU.ActiveCfg = Debug|Any CPU
		{2D5A8DD0-A85C-4E19-A2D1-B3ECAFADF8DA}.Debug|Any CPU.Build.0 = Debug|Any CPU
		{2D5A8DD0-A85C-4E19-A2D1-B3ECAFADF8DA}.Debug|x64.ActiveCfg = Debug|Any CPU
		{2D5A8DD0-A85C-4E19-A2D1-B3ECAFADF8DA}.Debug|x64.Build.0 = Debug|Any CPU
		{2D5A8DD0-A85C-4E19-A2D1-B3ECAFADF8DA}.Debug|x86.ActiveCfg = Debug|Any CPU
		{2D5A8DD0-A85C-4E19-A2D1-B3ECAFADF8DA}.Debug|x86.Build.0 = Debug|Any CPU
		{2D5A8DD0-A85C-4E19-A2D1-B3ECAFADF8DA}.Release|Any CPU.ActiveCfg = Release|Any CPU
		{2D5A8DD0-A85C-4E19-A2D1-B3ECAFADF8DA}.Release|Any CPU.Build.0 = Release|Any CPU
		{2D5A8DD0-A85C-4E19-A2D1-B3ECAFADF8DA}.Release|x64.ActiveCfg = Release|Any CPU
		{2D5A8DD0-A85C-4E19-A2D1-B3ECAFADF8DA}.Release|x64.Build.0 = Release|Any CPU
		{2D5A8DD0-A85C-4E19-A2D1-B3ECAFADF8DA}.Release|x86.ActiveCfg = Release|Any CPU
		{2D5A8DD0-A85C-4E19-A2D1-B3ECAFADF8DA}.Release|x86.Build.0 = Release|Any CPU
		{EB6E8A99-DA77-4B4C-9FAE-9B444FC39DAB}.Debug|Any CPU.ActiveCfg = Debug|Any CPU
		{EB6E8A99-DA77-4B4C-9FAE-9B444FC39DAB}.Debug|Any CPU.Build.0 = Debug|Any CPU
		{EB6E8A99-DA77-4B4C-9FAE-9B444FC39DAB}.Debug|x64.ActiveCfg = Debug|Any CPU
		{EB6E8A99-DA77-4B4C-9FAE-9B444FC39DAB}.Debug|x64.Build.0 = Debug|Any CPU
		{EB6E8A99-DA77-4B4C-9FAE-9B444FC39DAB}.Debug|x86.ActiveCfg = Debug|Any CPU
		{EB6E8A99-DA77-4B4C-9FAE-9B444FC39DAB}.Debug|x86.Build.0 = Debug|Any CPU
		{EB6E8A99-DA77-4B4C-9FAE-9B444FC39DAB}.Release|Any CPU.ActiveCfg = Release|Any CPU
		{EB6E8A99-DA77-4B4C-9FAE-9B444FC39DAB}.Release|Any CPU.Build.0 = Release|Any CPU
		{EB6E8A99-DA77-4B4C-9FAE-9B444FC39DAB}.Release|x64.ActiveCfg = Release|Any CPU
		{EB6E8A99-DA77-4B4C-9FAE-9B444FC39DAB}.Release|x64.Build.0 = Release|Any CPU
		{EB6E8A99-DA77-4B4C-9FAE-9B444FC39DAB}.Release|x86.ActiveCfg = Release|Any CPU
		{EB6E8A99-DA77-4B4C-9FAE-9B444FC39DAB}.Release|x86.Build.0 = Release|Any CPU
		{166DDF83-F246-4CEE-8DF7-EB25B98DEEAF}.Debug|Any CPU.ActiveCfg = Debug|Any CPU
		{166DDF83-F246-4CEE-8DF7-EB25B98DEEAF}.Debug|Any CPU.Build.0 = Debug|Any CPU
		{166DDF83-F246-4CEE-8DF7-EB25B98DEEAF}.Debug|x64.ActiveCfg = Debug|Any CPU
		{166DDF83-F246-4CEE-8DF7-EB25B98DEEAF}.Debug|x64.Build.0 = Debug|Any CPU
		{166DDF83-F246-4CEE-8DF7-EB25B98DEEAF}.Debug|x86.ActiveCfg = Debug|Any CPU
		{166DDF83-F246-4CEE-8DF7-EB25B98DEEAF}.Debug|x86.Build.0 = Debug|Any CPU
		{166DDF83-F246-4CEE-8DF7-EB25B98DEEAF}.Release|Any CPU.ActiveCfg = Release|Any CPU
		{166DDF83-F246-4CEE-8DF7-EB25B98DEEAF}.Release|Any CPU.Build.0 = Release|Any CPU
		{166DDF83-F246-4CEE-8DF7-EB25B98DEEAF}.Release|x64.ActiveCfg = Release|Any CPU
		{166DDF83-F246-4CEE-8DF7-EB25B98DEEAF}.Release|x64.Build.0 = Release|Any CPU
		{166DDF83-F246-4CEE-8DF7-EB25B98DEEAF}.Release|x86.ActiveCfg = Release|Any CPU
		{166DDF83-F246-4CEE-8DF7-EB25B98DEEAF}.Release|x86.Build.0 = Release|Any CPU
		{4F4E8001-7ACD-4140-B551-ABD75C11001E}.Debug|Any CPU.ActiveCfg = Debug|Any CPU
		{4F4E8001-7ACD-4140-B551-ABD75C11001E}.Debug|Any CPU.Build.0 = Debug|Any CPU
		{4F4E8001-7ACD-4140-B551-ABD75C11001E}.Debug|x64.ActiveCfg = Debug|Any CPU
		{4F4E8001-7ACD-4140-B551-ABD75C11001E}.Debug|x64.Build.0 = Debug|Any CPU
		{4F4E8001-7ACD-4140-B551-ABD75C11001E}.Debug|x86.ActiveCfg = Debug|Any CPU
		{4F4E8001-7ACD-4140-B551-ABD75C11001E}.Debug|x86.Build.0 = Debug|Any CPU
		{4F4E8001-7ACD-4140-B551-ABD75C11001E}.Release|Any CPU.ActiveCfg = Release|Any CPU
		{4F4E8001-7ACD-4140-B551-ABD75C11001E}.Release|Any CPU.Build.0 = Release|Any CPU
		{4F4E8001-7ACD-4140-B551-ABD75C11001E}.Release|x64.ActiveCfg = Release|Any CPU
		{4F4E8001-7ACD-4140-B551-ABD75C11001E}.Release|x64.Build.0 = Release|Any CPU
		{4F4E8001-7ACD-4140-B551-ABD75C11001E}.Release|x86.ActiveCfg = Release|Any CPU
		{4F4E8001-7ACD-4140-B551-ABD75C11001E}.Release|x86.Build.0 = Release|Any CPU
		{DD86C75A-46F4-4827-80F8-4BDAE720B173}.Debug|Any CPU.ActiveCfg = Debug|Any CPU
		{DD86C75A-46F4-4827-80F8-4BDAE720B173}.Debug|Any CPU.Build.0 = Debug|Any CPU
		{DD86C75A-46F4-4827-80F8-4BDAE720B173}.Debug|x64.ActiveCfg = Debug|Any CPU
		{DD86C75A-46F4-4827-80F8-4BDAE720B173}.Debug|x64.Build.0 = Debug|Any CPU
		{DD86C75A-46F4-4827-80F8-4BDAE720B173}.Debug|x86.ActiveCfg = Debug|Any CPU
		{DD86C75A-46F4-4827-80F8-4BDAE720B173}.Debug|x86.Build.0 = Debug|Any CPU
		{DD86C75A-46F4-4827-80F8-4BDAE720B173}.Release|Any CPU.ActiveCfg = Release|Any CPU
		{DD86C75A-46F4-4827-80F8-4BDAE720B173}.Release|Any CPU.Build.0 = Release|Any CPU
		{DD86C75A-46F4-4827-80F8-4BDAE720B173}.Release|x64.ActiveCfg = Release|Any CPU
		{DD86C75A-46F4-4827-80F8-4BDAE720B173}.Release|x64.Build.0 = Release|Any CPU
		{DD86C75A-46F4-4827-80F8-4BDAE720B173}.Release|x86.ActiveCfg = Release|Any CPU
		{DD86C75A-46F4-4827-80F8-4BDAE720B173}.Release|x86.Build.0 = Release|Any CPU
		{50605828-D35D-401F-B2C2-4B923EEA50E5}.Debug|Any CPU.ActiveCfg = Debug|Any CPU
		{50605828-D35D-401F-B2C2-4B923EEA50E5}.Debug|Any CPU.Build.0 = Debug|Any CPU
		{50605828-D35D-401F-B2C2-4B923EEA50E5}.Debug|x64.ActiveCfg = Debug|Any CPU
		{50605828-D35D-401F-B2C2-4B923EEA50E5}.Debug|x64.Build.0 = Debug|Any CPU
		{50605828-D35D-401F-B2C2-4B923EEA50E5}.Debug|x86.ActiveCfg = Debug|Any CPU
		{50605828-D35D-401F-B2C2-4B923EEA50E5}.Debug|x86.Build.0 = Debug|Any CPU
		{50605828-D35D-401F-B2C2-4B923EEA50E5}.Release|Any CPU.ActiveCfg = Release|Any CPU
		{50605828-D35D-401F-B2C2-4B923EEA50E5}.Release|Any CPU.Build.0 = Release|Any CPU
		{50605828-D35D-401F-B2C2-4B923EEA50E5}.Release|x64.ActiveCfg = Release|Any CPU
		{50605828-D35D-401F-B2C2-4B923EEA50E5}.Release|x64.Build.0 = Release|Any CPU
		{50605828-D35D-401F-B2C2-4B923EEA50E5}.Release|x86.ActiveCfg = Release|Any CPU
		{50605828-D35D-401F-B2C2-4B923EEA50E5}.Release|x86.Build.0 = Release|Any CPU
		{F5492D86-2DD8-4672-B858-8CA30F167454}.Debug|Any CPU.ActiveCfg = Debug|Any CPU
		{F5492D86-2DD8-4672-B858-8CA30F167454}.Debug|Any CPU.Build.0 = Debug|Any CPU
		{F5492D86-2DD8-4672-B858-8CA30F167454}.Debug|x64.ActiveCfg = Debug|x64
		{F5492D86-2DD8-4672-B858-8CA30F167454}.Debug|x64.Build.0 = Debug|x64
		{F5492D86-2DD8-4672-B858-8CA30F167454}.Debug|x86.ActiveCfg = Debug|x86
		{F5492D86-2DD8-4672-B858-8CA30F167454}.Debug|x86.Build.0 = Debug|x86
		{F5492D86-2DD8-4672-B858-8CA30F167454}.Release|Any CPU.ActiveCfg = Release|Any CPU
		{F5492D86-2DD8-4672-B858-8CA30F167454}.Release|Any CPU.Build.0 = Release|Any CPU
		{F5492D86-2DD8-4672-B858-8CA30F167454}.Release|x64.ActiveCfg = Release|x64
		{F5492D86-2DD8-4672-B858-8CA30F167454}.Release|x64.Build.0 = Release|x64
		{F5492D86-2DD8-4672-B858-8CA30F167454}.Release|x86.ActiveCfg = Release|x86
		{F5492D86-2DD8-4672-B858-8CA30F167454}.Release|x86.Build.0 = Release|x86
		{77070455-7CE5-4874-B2A4-B2A51B44BB9B}.Debug|Any CPU.ActiveCfg = Debug|Any CPU
		{77070455-7CE5-4874-B2A4-B2A51B44BB9B}.Debug|Any CPU.Build.0 = Debug|Any CPU
		{77070455-7CE5-4874-B2A4-B2A51B44BB9B}.Debug|x64.ActiveCfg = Debug|Any CPU
		{77070455-7CE5-4874-B2A4-B2A51B44BB9B}.Debug|x64.Build.0 = Debug|Any CPU
		{77070455-7CE5-4874-B2A4-B2A51B44BB9B}.Debug|x86.ActiveCfg = Debug|Any CPU
		{77070455-7CE5-4874-B2A4-B2A51B44BB9B}.Debug|x86.Build.0 = Debug|Any CPU
		{77070455-7CE5-4874-B2A4-B2A51B44BB9B}.Release|Any CPU.ActiveCfg = Release|Any CPU
		{77070455-7CE5-4874-B2A4-B2A51B44BB9B}.Release|Any CPU.Build.0 = Release|Any CPU
		{77070455-7CE5-4874-B2A4-B2A51B44BB9B}.Release|x64.ActiveCfg = Release|Any CPU
		{77070455-7CE5-4874-B2A4-B2A51B44BB9B}.Release|x64.Build.0 = Release|Any CPU
		{77070455-7CE5-4874-B2A4-B2A51B44BB9B}.Release|x86.ActiveCfg = Release|Any CPU
		{77070455-7CE5-4874-B2A4-B2A51B44BB9B}.Release|x86.Build.0 = Release|Any CPU
	EndGlobalSection
	GlobalSection(SolutionProperties) = preSolution
		HideSolutionNode = FALSE
	EndGlobalSection
	GlobalSection(ExtensibilityGlobals) = postSolution
		SolutionGuid = {4B01B4BF-9C39-401F-867C-4EF27409D2FC}
	EndGlobalSection
EndGlobal
