
Microsoft Visual Studio Solution File, Format Version 12.00
# Visual Studio Version 16
VisualStudioVersion = 16.0.33801.447
MinimumVisualStudioVersion = 10.0.40219.1
Project("{FAE04EC0-301F-11D3-BF4B-00C04F79EFBC}") = "Advanced", "Advanced\Advanced.csproj", "{F15C9B50-F96F-4493-A3A0-4557D4EA3028}"
EndProject
Project("{FAE04EC0-301F-11D3-BF4B-00C04F79EFBC}") = "Exercising", "Exercising\Exercising.csproj", "{CD60F9EC-D5B5-4C4C-918F-12E677B598BF}"
EndProject
Project("{FAE04EC0-301F-11D3-BF4B-00C04F79EFBC}") = "Homeworks", "Homeworks\Homeworks.csproj", "{20DEADD6-B87F-48F9-BC32-274209BF9A03}"
EndProject
Project("{FAE04EC0-301F-11D3-BF4B-00C04F79EFBC}") = "Samples", "Samples\Samples.csproj", "{CD5B0B21-63AB-496B-978D-61360455E2E9}"
EndProject
Project("{FAE04EC0-301F-11D3-BF4B-00C04F79EFBC}") = "AzurkConsole", "AzurkConsole\AzurkConsole.csproj", "{AE5F5697-BCDC-4450-A973-7F5FB16E82BD}"
EndProject
Global
	GlobalSection(SolutionConfigurationPlatforms) = preSolution
		Debug|Any CPU = Debug|Any CPU
		Release|Any CPU = Release|Any CPU
	EndGlobalSection
	GlobalSection(ProjectConfigurationPlatforms) = postSolution
		{F15C9B50-F96F-4493-A3A0-4557D4EA3028}.Debug|Any CPU.ActiveCfg = Debug|Any CPU
		{F15C9B50-F96F-4493-A3A0-4557D4EA3028}.Debug|Any CPU.Build.0 = Debug|Any CPU
		{F15C9B50-F96F-4493-A3A0-4557D4EA3028}.Release|Any CPU.ActiveCfg = Release|Any CPU
		{F15C9B50-F96F-4493-A3A0-4557D4EA3028}.Release|Any CPU.Build.0 = Release|Any CPU
		{CD60F9EC-D5B5-4C4C-918F-12E677B598BF}.Debug|Any CPU.ActiveCfg = Debug|Any CPU
		{CD60F9EC-D5B5-4C4C-918F-12E677B598BF}.Debug|Any CPU.Build.0 = Debug|Any CPU
		{CD60F9EC-D5B5-4C4C-918F-12E677B598BF}.Release|Any CPU.ActiveCfg = Release|Any CPU
		{CD60F9EC-D5B5-4C4C-918F-12E677B598BF}.Release|Any CPU.Build.0 = Release|Any CPU
		{20DEADD6-B87F-48F9-BC32-274209BF9A03}.Debug|Any CPU.ActiveCfg = Debug|Any CPU
		{20DEADD6-B87F-48F9-BC32-274209BF9A03}.Debug|Any CPU.Build.0 = Debug|Any CPU
		{20DEADD6-B87F-48F9-BC32-274209BF9A03}.Release|Any CPU.ActiveCfg = Release|Any CPU
		{20DEADD6-B87F-48F9-BC32-274209BF9A03}.Release|Any CPU.Build.0 = Release|Any CPU
		{CD5B0B21-63AB-496B-978D-61360455E2E9}.Debug|Any CPU.ActiveCfg = Debug|Any CPU
		{CD5B0B21-63AB-496B-978D-61360455E2E9}.Debug|Any CPU.Build.0 = Debug|Any CPU
		{CD5B0B21-63AB-496B-978D-61360455E2E9}.Release|Any CPU.ActiveCfg = Release|Any CPU
		{CD5B0B21-63AB-496B-978D-61360455E2E9}.Release|Any CPU.Build.0 = Release|Any CPU
		{AE5F5697-BCDC-4450-A973-7F5FB16E82BD}.Debug|Any CPU.ActiveCfg = Debug|Any CPU
		{AE5F5697-BCDC-4450-A973-7F5FB16E82BD}.Debug|Any CPU.Build.0 = Debug|Any CPU
		{AE5F5697-BCDC-4450-A973-7F5FB16E82BD}.Release|Any CPU.ActiveCfg = Release|Any CPU
		{AE5F5697-BCDC-4450-A973-7F5FB16E82BD}.Release|Any CPU.Build.0 = Release|Any CPU
	EndGlobalSection
	GlobalSection(SolutionProperties) = preSolution
		HideSolutionNode = FALSE
	EndGlobalSection
	GlobalSection(ExtensibilityGlobals) = postSolution
		SolutionGuid = {ACEFE7C5-90AF-4046-8643-9BF1054AA41C}
	EndGlobalSection
EndGlobal
