Microsoft Visual Studio Solution File, Format Version 12.00
# Visual Studio Version 17
VisualStudioVersion = 17.5.2.0
MinimumVisualStudioVersion = 10.0.40219.1
Project("{FAE04EC0-301F-11D3-BF4B-00C04F79EFBC}") = "HelloProj", "HelloProj.csproj", "{C705EA9F-333F-E5F9-E8C7-763242A05C6D}"
EndProject
Global
	GlobalSection(SolutionConfigurationPlatforms) = preSolution
		Debug|Any CPU = Debug|Any CPU
		Release|Any CPU = Release|Any CPU
	EndGlobalSection
	GlobalSection(ProjectConfigurationPlatforms) = postSolution
		{C705EA9F-333F-E5F9-E8C7-763242A05C6D}.Debug|Any CPU.ActiveCfg = Debug|Any CPU
		{C705EA9F-333F-E5F9-E8C7-763242A05C6D}.Debug|Any CPU.Build.0 = Debug|Any CPU
		{C705EA9F-333F-E5F9-E8C7-763242A05C6D}.Release|Any CPU.ActiveCfg = Release|Any CPU
		{C705EA9F-333F-E5F9-E8C7-763242A05C6D}.Release|Any CPU.Build.0 = Release|Any CPU
	EndGlobalSection
	GlobalSection(SolutionProperties) = preSolution
		HideSolutionNode = FALSE
	EndGlobalSection
	GlobalSection(ExtensibilityGlobals) = postSolution
		SolutionGuid = {078A5D7C-DB06-4546-81E9-21701F8C9DB3}
	EndGlobalSection
EndGlobal
