
Microsoft Visual Studio Solution File, Format Version 12.00
# Visual Studio Version 16
VisualStudioVersion = 16.0.33801.447
MinimumVisualStudioVersion = 10.0.40219.1
Project("{FAE04EC0-301F-11D3-BF4B-00C04F79EFBC}") = "Day02", "Day02\Day02.csproj", "{6581934F-F413-4E0A-BEA2-C8A43EFA7CF9}"
EndProject
Project("{FAE04EC0-301F-11D3-BF4B-00C04F79EFBC}") = "MyClassLibrary", "MyClassLibrary\MyClassLibrary.csproj", "{B1F85BB5-0867-476E-91D0-DA34EF212C27}"
EndProject
Global
	GlobalSection(SolutionConfigurationPlatforms) = preSolution
		Debug|Any CPU = Debug|Any CPU
		Release|Any CPU = Release|Any CPU
	EndGlobalSection
	GlobalSection(ProjectConfigurationPlatforms) = postSolution
		{6581934F-F413-4E0A-BEA2-C8A43EFA7CF9}.Debug|Any CPU.ActiveCfg = Debug|Any CPU
		{6581934F-F413-4E0A-BEA2-C8A43EFA7CF9}.Debug|Any CPU.Build.0 = Debug|Any CPU
		{6581934F-F413-4E0A-BEA2-C8A43EFA7CF9}.Release|Any CPU.ActiveCfg = Release|Any CPU
		{6581934F-F413-4E0A-BEA2-C8A43EFA7CF9}.Release|Any CPU.Build.0 = Release|Any CPU
		{B1F85BB5-0867-476E-91D0-DA34EF212C27}.Debug|Any CPU.ActiveCfg = Debug|Any CPU
		{B1F85BB5-0867-476E-91D0-DA34EF212C27}.Debug|Any CPU.Build.0 = Debug|Any CPU
		{B1F85BB5-0867-476E-91D0-DA34EF212C27}.Release|Any CPU.ActiveCfg = Release|Any CPU
		{B1F85BB5-0867-476E-91D0-DA34EF212C27}.Release|Any CPU.Build.0 = Release|Any CPU
	EndGlobalSection
	GlobalSection(SolutionProperties) = preSolution
		HideSolutionNode = FALSE
	EndGlobalSection
	GlobalSection(ExtensibilityGlobals) = postSolution
		SolutionGuid = {929E4D53-508C-431B-8279-C96CBAFBD932}
	EndGlobalSection
EndGlobal
