
Microsoft Visual Studio Solution File, Format Version 12.00
# Visual Studio Version 16
VisualStudioVersion = 16.0.33801.447
MinimumVisualStudioVersion = 10.0.40219.1
Project("{FAE04EC0-301F-11D3-BF4B-00C04F79EFBC}") = "Hello", "Hello\Hello.csproj", "{E3006F84-56F9-4C7C-82CC-6495E49B24BD}"
EndProject
Project("{FAE04EC0-301F-11D3-BF4B-00C04F79EFBC}") = "DataType_temp", "DataType_temp\DataType_temp.csproj", "{06E582FD-E950-4790-96A6-2744F2A64602}"
EndProject
Global
	GlobalSection(SolutionConfigurationPlatforms) = preSolution
		Debug|Any CPU = Debug|Any CPU
		Release|Any CPU = Release|Any CPU
	EndGlobalSection
	GlobalSection(ProjectConfigurationPlatforms) = postSolution
		{E3006F84-56F9-4C7C-82CC-6495E49B24BD}.Debug|Any CPU.ActiveCfg = Debug|Any CPU
		{E3006F84-56F9-4C7C-82CC-6495E49B24BD}.Debug|Any CPU.Build.0 = Debug|Any CPU
		{E3006F84-56F9-4C7C-82CC-6495E49B24BD}.Release|Any CPU.ActiveCfg = Release|Any CPU
		{E3006F84-56F9-4C7C-82CC-6495E49B24BD}.Release|Any CPU.Build.0 = Release|Any CPU
		{06E582FD-E950-4790-96A6-2744F2A64602}.Debug|Any CPU.ActiveCfg = Debug|Any CPU
		{06E582FD-E950-4790-96A6-2744F2A64602}.Debug|Any CPU.Build.0 = Debug|Any CPU
		{06E582FD-E950-4790-96A6-2744F2A64602}.Release|Any CPU.ActiveCfg = Release|Any CPU
		{06E582FD-E950-4790-96A6-2744F2A64602}.Release|Any CPU.Build.0 = Release|Any CPU
	EndGlobalSection
	GlobalSection(SolutionProperties) = preSolution
		HideSolutionNode = FALSE
	EndGlobalSection
	GlobalSection(ExtensibilityGlobals) = postSolution
		SolutionGuid = {C1BC93E6-C4A0-48F8-8076-4EC1973B5BAA}
	EndGlobalSection
EndGlobal
